// !$*UTF8*$!
{
	archiveVersion = 1;
	classes = {
	};
	objectVersion = 55;
	objects = {

/* Begin PBXBuildFile section */
		63DB7E3728741997006871C6 /* ActivityIndicatorProtocol.swift in Sources */ = {isa = PBXBuildFile; fileRef = 63DB7E3428741997006871C6 /* ActivityIndicatorProtocol.swift */; };
		63DB7E3828741997006871C6 /* BlockingActivityIndicator.swift in Sources */ = {isa = PBXBuildFile; fileRef = 63DB7E3528741997006871C6 /* BlockingActivityIndicator.swift */; };
		63DB7E3928741997006871C6 /* LoadingProtocol.swift in Sources */ = {isa = PBXBuildFile; fileRef = 63DB7E3628741997006871C6 /* LoadingProtocol.swift */; };
		63DB7E4128741AFC006871C6 /* APIRequestAdapter.swift in Sources */ = {isa = PBXBuildFile; fileRef = 63DB7E3C28741AFC006871C6 /* APIRequestAdapter.swift */; };
		63DB7E4228741AFC006871C6 /* APIRequestInterceptor.swift in Sources */ = {isa = PBXBuildFile; fileRef = 63DB7E3D28741AFC006871C6 /* APIRequestInterceptor.swift */; };
		63DB7E4328741AFC006871C6 /* DataProvider.swift in Sources */ = {isa = PBXBuildFile; fileRef = 63DB7E3E28741AFC006871C6 /* DataProvider.swift */; };
		63DB7E4428741AFC006871C6 /* APIDataProvider.swift in Sources */ = {isa = PBXBuildFile; fileRef = 63DB7E3F28741AFC006871C6 /* APIDataProvider.swift */; };
		63DB7E4528741AFC006871C6 /* APILogger.swift in Sources */ = {isa = PBXBuildFile; fileRef = 63DB7E4028741AFC006871C6 /* APILogger.swift */; };
		63DB7E4E28741D0E006871C6 /* RequestMethod.swift in Sources */ = {isa = PBXBuildFile; fileRef = 63DB7E4728741D0E006871C6 /* RequestMethod.swift */; };
		63DB7E4F28741D0E006871C6 /* RequestEncoding.swift in Sources */ = {isa = PBXBuildFile; fileRef = 63DB7E4828741D0E006871C6 /* RequestEncoding.swift */; };
		63DB7E5028741D0E006871C6 /* Typealias.swift in Sources */ = {isa = PBXBuildFile; fileRef = 63DB7E4928741D0E006871C6 /* Typealias.swift */; };
		63DB7E5128741D0E006871C6 /* DataProviderProtocol.swift in Sources */ = {isa = PBXBuildFile; fileRef = 63DB7E4A28741D0E006871C6 /* DataProviderProtocol.swift */; };
		63DB7E5228741D0E006871C6 /* APIDecodableResponseRequest.swift in Sources */ = {isa = PBXBuildFile; fileRef = 63DB7E4B28741D0E006871C6 /* APIDecodableResponseRequest.swift */; };
		63DB7E5328741D0E006871C6 /* RequestProtocol.swift in Sources */ = {isa = PBXBuildFile; fileRef = 63DB7E4C28741D0E006871C6 /* RequestProtocol.swift */; };
		63DB7E5428741D0E006871C6 /* DecodableResponseRequest.swift in Sources */ = {isa = PBXBuildFile; fileRef = 63DB7E4D28741D0E006871C6 /* DecodableResponseRequest.swift */; };
		63DB7E5728741E29006871C6 /* UIActivityIndicatorView.swift in Sources */ = {isa = PBXBuildFile; fileRef = 63DB7E5628741E29006871C6 /* UIActivityIndicatorView.swift */; };
		63DB7E5A28741E63006871C6 /* Extension+UIView.swift in Sources */ = {isa = PBXBuildFile; fileRef = 63DB7E5928741E63006871C6 /* Extension+UIView.swift */; };
		63E2F4292873551400282E60 /* AppDelegate.swift in Sources */ = {isa = PBXBuildFile; fileRef = 63E2F4282873551400282E60 /* AppDelegate.swift */; };
		63E2F42D2873551400282E60 /* LoginVC.swift in Sources */ = {isa = PBXBuildFile; fileRef = 63E2F42C2873551400282E60 /* LoginVC.swift */; };
		63E2F4322873551500282E60 /* Assets.xcassets in Resources */ = {isa = PBXBuildFile; fileRef = 63E2F4312873551500282E60 /* Assets.xcassets */; };
		67B24717BB442F9CCAC2D116 /* Pods_AuthApp_MVVM.framework in Frameworks */ = {isa = PBXBuildFile; fileRef = E1FD2729FFCBA77FC04C8090 /* Pods_AuthApp_MVVM.framework */; };
/* End PBXBuildFile section */

/* Begin PBXFileReference section */
		4F50CE0EF55A00FB5D177D32 /* Pods-AuthApp-MVVM.debug.xcconfig */ = {isa = PBXFileReference; includeInIndex = 1; lastKnownFileType = text.xcconfig; name = "Pods-AuthApp-MVVM.debug.xcconfig"; path = "Target Support Files/Pods-AuthApp-MVVM/Pods-AuthApp-MVVM.debug.xcconfig"; sourceTree = "<group>"; };
		5049CE98E6F982D5C9B0A618 /* Pods-AuthApp-MVVM.release.xcconfig */ = {isa = PBXFileReference; includeInIndex = 1; lastKnownFileType = text.xcconfig; name = "Pods-AuthApp-MVVM.release.xcconfig"; path = "Target Support Files/Pods-AuthApp-MVVM/Pods-AuthApp-MVVM.release.xcconfig"; sourceTree = "<group>"; };
		63DB7E3428741997006871C6 /* ActivityIndicatorProtocol.swift */ = {isa = PBXFileReference; fileEncoding = 4; lastKnownFileType = sourcecode.swift; path = ActivityIndicatorProtocol.swift; sourceTree = "<group>"; };
		63DB7E3528741997006871C6 /* BlockingActivityIndicator.swift */ = {isa = PBXFileReference; fileEncoding = 4; lastKnownFileType = sourcecode.swift; path = BlockingActivityIndicator.swift; sourceTree = "<group>"; };
		63DB7E3628741997006871C6 /* LoadingProtocol.swift */ = {isa = PBXFileReference; fileEncoding = 4; lastKnownFileType = sourcecode.swift; path = LoadingProtocol.swift; sourceTree = "<group>"; };
		63DB7E3C28741AFC006871C6 /* APIRequestAdapter.swift */ = {isa = PBXFileReference; fileEncoding = 4; lastKnownFileType = sourcecode.swift; path = APIRequestAdapter.swift; sourceTree = "<group>"; };
		63DB7E3D28741AFC006871C6 /* APIRequestInterceptor.swift */ = {isa = PBXFileReference; fileEncoding = 4; lastKnownFileType = sourcecode.swift; path = APIRequestInterceptor.swift; sourceTree = "<group>"; };
		63DB7E3E28741AFC006871C6 /* DataProvider.swift */ = {isa = PBXFileReference; fileEncoding = 4; lastKnownFileType = sourcecode.swift; path = DataProvider.swift; sourceTree = "<group>"; };
		63DB7E3F28741AFC006871C6 /* APIDataProvider.swift */ = {isa = PBXFileReference; fileEncoding = 4; lastKnownFileType = sourcecode.swift; path = APIDataProvider.swift; sourceTree = "<group>"; };
		63DB7E4028741AFC006871C6 /* APILogger.swift */ = {isa = PBXFileReference; fileEncoding = 4; lastKnownFileType = sourcecode.swift; path = APILogger.swift; sourceTree = "<group>"; };
		63DB7E4728741D0E006871C6 /* RequestMethod.swift */ = {isa = PBXFileReference; fileEncoding = 4; lastKnownFileType = sourcecode.swift; path = RequestMethod.swift; sourceTree = "<group>"; };
		63DB7E4828741D0E006871C6 /* RequestEncoding.swift */ = {isa = PBXFileReference; fileEncoding = 4; lastKnownFileType = sourcecode.swift; path = RequestEncoding.swift; sourceTree = "<group>"; };
		63DB7E4928741D0E006871C6 /* Typealias.swift */ = {isa = PBXFileReference; fileEncoding = 4; lastKnownFileType = sourcecode.swift; path = Typealias.swift; sourceTree = "<group>"; };
		63DB7E4A28741D0E006871C6 /* DataProviderProtocol.swift */ = {isa = PBXFileReference; fileEncoding = 4; lastKnownFileType = sourcecode.swift; path = DataProviderProtocol.swift; sourceTree = "<group>"; };
		63DB7E4B28741D0E006871C6 /* APIDecodableResponseRequest.swift */ = {isa = PBXFileReference; fileEncoding = 4; lastKnownFileType = sourcecode.swift; path = APIDecodableResponseRequest.swift; sourceTree = "<group>"; };
		63DB7E4C28741D0E006871C6 /* RequestProtocol.swift */ = {isa = PBXFileReference; fileEncoding = 4; lastKnownFileType = sourcecode.swift; path = RequestProtocol.swift; sourceTree = "<group>"; };
		63DB7E4D28741D0E006871C6 /* DecodableResponseRequest.swift */ = {isa = PBXFileReference; fileEncoding = 4; lastKnownFileType = sourcecode.swift; path = DecodableResponseRequest.swift; sourceTree = "<group>"; };
		63DB7E5628741E29006871C6 /* UIActivityIndicatorView.swift */ = {isa = PBXFileReference; fileEncoding = 4; lastKnownFileType = sourcecode.swift; path = UIActivityIndicatorView.swift; sourceTree = "<group>"; };
		63DB7E5928741E63006871C6 /* Extension+UIView.swift */ = {isa = PBXFileReference; fileEncoding = 4; lastKnownFileType = sourcecode.swift; path = "Extension+UIView.swift"; sourceTree = "<group>"; };
		63E2F4252873551400282E60 /* AuthApp-MVVM.app */ = {isa = PBXFileReference; explicitFileType = wrapper.application; includeInIndex = 0; path = "AuthApp-MVVM.app"; sourceTree = BUILT_PRODUCTS_DIR; };
		63E2F4282873551400282E60 /* AppDelegate.swift */ = {isa = PBXFileReference; lastKnownFileType = sourcecode.swift; path = AppDelegate.swift; sourceTree = "<group>"; };
		63E2F42C2873551400282E60 /* LoginVC.swift */ = {isa = PBXFileReference; lastKnownFileType = sourcecode.swift; path = LoginVC.swift; sourceTree = "<group>"; };
		63E2F4312873551500282E60 /* Assets.xcassets */ = {isa = PBXFileReference; lastKnownFileType = folder.assetcatalog; path = Assets.xcassets; sourceTree = "<group>"; };
		63E2F4362873551500282E60 /* Info.plist */ = {isa = PBXFileReference; lastKnownFileType = text.plist.xml; path = Info.plist; sourceTree = "<group>"; };
		E1FD2729FFCBA77FC04C8090 /* Pods_AuthApp_MVVM.framework */ = {isa = PBXFileReference; explicitFileType = wrapper.framework; includeInIndex = 0; path = Pods_AuthApp_MVVM.framework; sourceTree = BUILT_PRODUCTS_DIR; };
/* End PBXFileReference section */

/* Begin PBXFrameworksBuildPhase section */
		63E2F4222873551400282E60 /* Frameworks */ = {
			isa = PBXFrameworksBuildPhase;
			buildActionMask = 2147483647;
			files = (
				67B24717BB442F9CCAC2D116 /* Pods_AuthApp_MVVM.framework in Frameworks */,
			);
			runOnlyForDeploymentPostprocessing = 0;
		};
/* End PBXFrameworksBuildPhase section */

/* Begin PBXGroup section */
		632AE22728739C8300C12C51 /* Resources */ = {
			isa = PBXGroup;
			children = (
				63E2F4312873551500282E60 /* Assets.xcassets */,
			);
			path = Resources;
			sourceTree = "<group>";
		};
		632AE22828739CF100C12C51 /* DataProvider */ = {
			isa = PBXGroup;
			children = (
				63DB7E4628741CFD006871C6 /* Core */,
			);
			path = DataProvider;
			sourceTree = "<group>";
		};
		632AE22928739CF800C12C51 /* AuthProject */ = {
			isa = PBXGroup;
			children = (
				63DB7E3B28741A35006871C6 /* DataProvider */,
				632AE22728739C8300C12C51 /* Resources */,
				632AE22F28739D3400C12C51 /* Scenes */,
				632AE22E28739D2F00C12C51 /* Routing */,
				632AE22D28739D2600C12C51 /* Configurations */,
				632AE22C28739D1B00C12C51 /* AppDelegate */,
			);
			path = AuthProject;
			sourceTree = "<group>";
		};
		632AE22A28739D0100C12C51 /* UIComponents */ = {
			isa = PBXGroup;
			children = (
				63DB7E5528741E21006871C6 /* UIActivityIndicatorView */,
				63DB7E3328741952006871C6 /* Loading */,
				63DB7E3228741930006871C6 /* Cells */,
			);
			path = UIComponents;
			sourceTree = "<group>";
		};
		632AE22B28739D0A00C12C51 /* Utilities */ = {
			isa = PBXGroup;
			children = (
				63DB7E5828741E59006871C6 /* Extensions */,
			);
			path = Utilities;
			sourceTree = "<group>";
		};
		632AE22C28739D1B00C12C51 /* AppDelegate */ = {
			isa = PBXGroup;
			children = (
				63E2F4282873551400282E60 /* AppDelegate.swift */,
			);
			path = AppDelegate;
			sourceTree = "<group>";
		};
		632AE22D28739D2600C12C51 /* Configurations */ = {
			isa = PBXGroup;
			children = (
				63E2F4362873551500282E60 /* Info.plist */,
			);
			path = Configurations;
			sourceTree = "<group>";
		};
		632AE22E28739D2F00C12C51 /* Routing */ = {
			isa = PBXGroup;
			children = (
			);
			path = Routing;
			sourceTree = "<group>";
		};
		632AE22F28739D3400C12C51 /* Scenes */ = {
			isa = PBXGroup;
			children = (
				63DB7E3A287419C7006871C6 /* Login */,
			);
			path = Scenes;
			sourceTree = "<group>";
		};
		63DB7E3228741930006871C6 /* Cells */ = {
			isa = PBXGroup;
			children = (
			);
			path = Cells;
			sourceTree = "<group>";
		};
		63DB7E3328741952006871C6 /* Loading */ = {
			isa = PBXGroup;
			children = (
				63DB7E3428741997006871C6 /* ActivityIndicatorProtocol.swift */,
				63DB7E3528741997006871C6 /* BlockingActivityIndicator.swift */,
				63DB7E3628741997006871C6 /* LoadingProtocol.swift */,
			);
			path = Loading;
			sourceTree = "<group>";
		};
		63DB7E3A287419C7006871C6 /* Login */ = {
			isa = PBXGroup;
			children = (
				63E2F42C2873551400282E60 /* LoginVC.swift */,
			);
			path = Login;
			sourceTree = "<group>";
		};
		63DB7E3B28741A35006871C6 /* DataProvider */ = {
			isa = PBXGroup;
			children = (
				63DB7E3F28741AFC006871C6 /* APIDataProvider.swift */,
				63DB7E4028741AFC006871C6 /* APILogger.swift */,
				63DB7E3C28741AFC006871C6 /* APIRequestAdapter.swift */,
				63DB7E3D28741AFC006871C6 /* APIRequestInterceptor.swift */,
				63DB7E3E28741AFC006871C6 /* DataProvider.swift */,
			);
			path = DataProvider;
			sourceTree = "<group>";
		};
		63DB7E4628741CFD006871C6 /* Core */ = {
			isa = PBXGroup;
			children = (
				63DB7E4B28741D0E006871C6 /* APIDecodableResponseRequest.swift */,
				63DB7E4A28741D0E006871C6 /* DataProviderProtocol.swift */,
				63DB7E4D28741D0E006871C6 /* DecodableResponseRequest.swift */,
				63DB7E4828741D0E006871C6 /* RequestEncoding.swift */,
				63DB7E4728741D0E006871C6 /* RequestMethod.swift */,
				63DB7E4C28741D0E006871C6 /* RequestProtocol.swift */,
				63DB7E4928741D0E006871C6 /* Typealias.swift */,
			);
			path = Core;
			sourceTree = "<group>";
		};
		63DB7E5528741E21006871C6 /* UIActivityIndicatorView */ = {
			isa = PBXGroup;
			children = (
				63DB7E5628741E29006871C6 /* UIActivityIndicatorView.swift */,
			);
			path = UIActivityIndicatorView;
			sourceTree = "<group>";
		};
		63DB7E5828741E59006871C6 /* Extensions */ = {
			isa = PBXGroup;
			children = (
				63DB7E5928741E63006871C6 /* Extension+UIView.swift */,
			);
			path = Extensions;
			sourceTree = "<group>";
		};
		63E2F41C2873551400282E60 = {
			isa = PBXGroup;
			children = (
				63E2F4272873551400282E60 /* AuthApp-MVVM */,
				63E2F4262873551400282E60 /* Products */,
				9A86A9F9F5FDDC3750732832 /* Pods */,
				A307239A47AD13311B73CDF9 /* Frameworks */,
			);
			sourceTree = "<group>";
		};
		63E2F4262873551400282E60 /* Products */ = {
			isa = PBXGroup;
			children = (
				63E2F4252873551400282E60 /* AuthApp-MVVM.app */,
			);
			name = Products;
			sourceTree = "<group>";
		};
		63E2F4272873551400282E60 /* AuthApp-MVVM */ = {
			isa = PBXGroup;
			children = (
				632AE22B28739D0A00C12C51 /* Utilities */,
				632AE22A28739D0100C12C51 /* UIComponents */,
				632AE22928739CF800C12C51 /* AuthProject */,
				632AE22828739CF100C12C51 /* DataProvider */,
			);
			path = "AuthApp-MVVM";
			sourceTree = "<group>";
		};
		9A86A9F9F5FDDC3750732832 /* Pods */ = {
			isa = PBXGroup;
			children = (
				4F50CE0EF55A00FB5D177D32 /* Pods-AuthApp-MVVM.debug.xcconfig */,
				5049CE98E6F982D5C9B0A618 /* Pods-AuthApp-MVVM.release.xcconfig */,
			);
			path = Pods;
			sourceTree = "<group>";
		};
		A307239A47AD13311B73CDF9 /* Frameworks */ = {
			isa = PBXGroup;
			children = (
				E1FD2729FFCBA77FC04C8090 /* Pods_AuthApp_MVVM.framework */,
			);
			name = Frameworks;
			sourceTree = "<group>";
		};
/* End PBXGroup section */

/* Begin PBXNativeTarget section */
		63E2F4242873551400282E60 /* AuthApp-MVVM */ = {
			isa = PBXNativeTarget;
			buildConfigurationList = 63E2F4392873551500282E60 /* Build configuration list for PBXNativeTarget "AuthApp-MVVM" */;
			buildPhases = (
				F339DEF422F40034D295B141 /* [CP] Check Pods Manifest.lock */,
				63E2F4212873551400282E60 /* Sources */,
				63E2F4222873551400282E60 /* Frameworks */,
				63E2F4232873551400282E60 /* Resources */,
				B79F5C9B0D539E47EFDF08EB /* [CP] Embed Pods Frameworks */,
			);
			buildRules = (
			);
			dependencies = (
			);
			name = "AuthApp-MVVM";
			productName = "AuthApp-MVVM";
			productReference = 63E2F4252873551400282E60 /* AuthApp-MVVM.app */;
			productType = "com.apple.product-type.application";
		};
/* End PBXNativeTarget section */

/* Begin PBXProject section */
		63E2F41D2873551400282E60 /* Project object */ = {
			isa = PBXProject;
			attributes = {
				BuildIndependentTargetsInParallel = 1;
				LastSwiftUpdateCheck = 1320;
				LastUpgradeCheck = 1320;
				TargetAttributes = {
					63E2F4242873551400282E60 = {
						CreatedOnToolsVersion = 13.2.1;
					};
				};
			};
			buildConfigurationList = 63E2F4202873551400282E60 /* Build configuration list for PBXProject "AuthApp-MVVM" */;
			compatibilityVersion = "Xcode 13.0";
			developmentRegion = en;
			hasScannedForEncodings = 0;
			knownRegions = (
				en,
				Base,
			);
			mainGroup = 63E2F41C2873551400282E60;
			productRefGroup = 63E2F4262873551400282E60 /* Products */;
			projectDirPath = "";
			projectRoot = "";
			targets = (
				63E2F4242873551400282E60 /* AuthApp-MVVM */,
			);
		};
/* End PBXProject section */

/* Begin PBXResourcesBuildPhase section */
		63E2F4232873551400282E60 /* Resources */ = {
			isa = PBXResourcesBuildPhase;
			buildActionMask = 2147483647;
			files = (
				63E2F4322873551500282E60 /* Assets.xcassets in Resources */,
			);
			runOnlyForDeploymentPostprocessing = 0;
		};
/* End PBXResourcesBuildPhase section */

/* Begin PBXShellScriptBuildPhase section */
		B79F5C9B0D539E47EFDF08EB /* [CP] Embed Pods Frameworks */ = {
			isa = PBXShellScriptBuildPhase;
			buildActionMask = 2147483647;
			files = (
			);
			inputFileListPaths = (
				"${PODS_ROOT}/Target Support Files/Pods-AuthApp-MVVM/Pods-AuthApp-MVVM-frameworks-${CONFIGURATION}-input-files.xcfilelist",
			);
			name = "[CP] Embed Pods Frameworks";
			outputFileListPaths = (
				"${PODS_ROOT}/Target Support Files/Pods-AuthApp-MVVM/Pods-AuthApp-MVVM-frameworks-${CONFIGURATION}-output-files.xcfilelist",
			);
			runOnlyForDeploymentPostprocessing = 0;
			shellPath = /bin/sh;
			shellScript = "\"${PODS_ROOT}/Target Support Files/Pods-AuthApp-MVVM/Pods-AuthApp-MVVM-frameworks.sh\"\n";
			showEnvVarsInLog = 0;
		};
		F339DEF422F40034D295B141 /* [CP] Check Pods Manifest.lock */ = {
			isa = PBXShellScriptBuildPhase;
			buildActionMask = 2147483647;
			files = (
			);
			inputFileListPaths = (
			);
			inputPaths = (
				"${PODS_PODFILE_DIR_PATH}/Podfile.lock",
				"${PODS_ROOT}/Manifest.lock",
			);
			name = "[CP] Check Pods Manifest.lock";
			outputFileListPaths = (
			);
			outputPaths = (
				"$(DERIVED_FILE_DIR)/Pods-AuthApp-MVVM-checkManifestLockResult.txt",
			);
			runOnlyForDeploymentPostprocessing = 0;
			shellPath = /bin/sh;
			shellScript = "diff \"${PODS_PODFILE_DIR_PATH}/Podfile.lock\" \"${PODS_ROOT}/Manifest.lock\" > /dev/null\nif [ $? != 0 ] ; then\n    # print error to STDERR\n    echo \"error: The sandbox is not in sync with the Podfile.lock. Run 'pod install' or update your CocoaPods installation.\" >&2\n    exit 1\nfi\n# This output is used by Xcode 'outputs' to avoid re-running this script phase.\necho \"SUCCESS\" > \"${SCRIPT_OUTPUT_FILE_0}\"\n";
			showEnvVarsInLog = 0;
		};
/* End PBXShellScriptBuildPhase section */

/* Begin PBXSourcesBuildPhase section */
		63E2F4212873551400282E60 /* Sources */ = {
			isa = PBXSourcesBuildPhase;
			buildActionMask = 2147483647;
			files = (
				63DB7E4528741AFC006871C6 /* APILogger.swift in Sources */,
				63DB7E5728741E29006871C6 /* UIActivityIndicatorView.swift in Sources */,
				63DB7E4128741AFC006871C6 /* APIRequestAdapter.swift in Sources */,
				63DB7E4228741AFC006871C6 /* APIRequestInterceptor.swift in Sources */,
				63DB7E4428741AFC006871C6 /* APIDataProvider.swift in Sources */,
				63DB7E4328741AFC006871C6 /* DataProvider.swift in Sources */,
				63DB7E4E28741D0E006871C6 /* RequestMethod.swift in Sources */,
				63E2F42D2873551400282E60 /* LoginVC.swift in Sources */,
				63DB7E5428741D0E006871C6 /* DecodableResponseRequest.swift in Sources */,
				63DB7E3828741997006871C6 /* BlockingActivityIndicator.swift in Sources */,
				63DB7E4F28741D0E006871C6 /* RequestEncoding.swift in Sources */,
				63DB7E3928741997006871C6 /* LoadingProtocol.swift in Sources */,
				63DB7E5128741D0E006871C6 /* DataProviderProtocol.swift in Sources */,
				63DB7E5328741D0E006871C6 /* RequestProtocol.swift in Sources */,
				63DB7E5A28741E63006871C6 /* Extension+UIView.swift in Sources */,
				63E2F4292873551400282E60 /* AppDelegate.swift in Sources */,
				63DB7E5028741D0E006871C6 /* Typealias.swift in Sources */,
				63DB7E5228741D0E006871C6 /* APIDecodableResponseRequest.swift in Sources */,
				63DB7E3728741997006871C6 /* ActivityIndicatorProtocol.swift in Sources */,
			);
			runOnlyForDeploymentPostprocessing = 0;
		};
/* End PBXSourcesBuildPhase section */

/* Begin XCBuildConfiguration section */
		63E2F4372873551500282E60 /* Debug */ = {
			isa = XCBuildConfiguration;
			buildSettings = {
				ALWAYS_SEARCH_USER_PATHS = NO;
				CLANG_ANALYZER_NONNULL = YES;
				CLANG_ANALYZER_NUMBER_OBJECT_CONVERSION = YES_AGGRESSIVE;
				CLANG_CXX_LANGUAGE_STANDARD = "gnu++17";
				CLANG_CXX_LIBRARY = "libc++";
				CLANG_ENABLE_MODULES = YES;
				CLANG_ENABLE_OBJC_ARC = YES;
				CLANG_ENABLE_OBJC_WEAK = YES;
				CLANG_WARN_BLOCK_CAPTURE_AUTORELEASING = YES;
				CLANG_WARN_BOOL_CONVERSION = YES;
				CLANG_WARN_COMMA = YES;
				CLANG_WARN_CONSTANT_CONVERSION = YES;
				CLANG_WARN_DEPRECATED_OBJC_IMPLEMENTATIONS = YES;
				CLANG_WARN_DIRECT_OBJC_ISA_USAGE = YES_ERROR;
				CLANG_WARN_DOCUMENTATION_COMMENTS = YES;
				CLANG_WARN_EMPTY_BODY = YES;
				CLANG_WARN_ENUM_CONVERSION = YES;
				CLANG_WARN_INFINITE_RECURSION = YES;
				CLANG_WARN_INT_CONVERSION = YES;
				CLANG_WARN_NON_LITERAL_NULL_CONVERSION = YES;
				CLANG_WARN_OBJC_IMPLICIT_RETAIN_SELF = YES;
				CLANG_WARN_OBJC_LITERAL_CONVERSION = YES;
				CLANG_WARN_OBJC_ROOT_CLASS = YES_ERROR;
				CLANG_WARN_QUOTED_INCLUDE_IN_FRAMEWORK_HEADER = YES;
				CLANG_WARN_RANGE_LOOP_ANALYSIS = YES;
				CLANG_WARN_STRICT_PROTOTYPES = YES;
				CLANG_WARN_SUSPICIOUS_MOVE = YES;
				CLANG_WARN_UNGUARDED_AVAILABILITY = YES_AGGRESSIVE;
				CLANG_WARN_UNREACHABLE_CODE = YES;
				CLANG_WARN__DUPLICATE_METHOD_MATCH = YES;
				COPY_PHASE_STRIP = NO;
				DEBUG_INFORMATION_FORMAT = dwarf;
				ENABLE_STRICT_OBJC_MSGSEND = YES;
				ENABLE_TESTABILITY = YES;
				GCC_C_LANGUAGE_STANDARD = gnu11;
				GCC_DYNAMIC_NO_PIC = NO;
				GCC_NO_COMMON_BLOCKS = YES;
				GCC_OPTIMIZATION_LEVEL = 0;
				GCC_PREPROCESSOR_DEFINITIONS = (
					"DEBUG=1",
					"$(inherited)",
				);
				GCC_WARN_64_TO_32_BIT_CONVERSION = YES;
				GCC_WARN_ABOUT_RETURN_TYPE = YES_ERROR;
				GCC_WARN_UNDECLARED_SELECTOR = YES;
				GCC_WARN_UNINITIALIZED_AUTOS = YES_AGGRESSIVE;
				GCC_WARN_UNUSED_FUNCTION = YES;
				GCC_WARN_UNUSED_VARIABLE = YES;
				IPHONEOS_DEPLOYMENT_TARGET = 15.2;
				MTL_ENABLE_DEBUG_INFO = INCLUDE_SOURCE;
				MTL_FAST_MATH = YES;
				ONLY_ACTIVE_ARCH = YES;
				SDKROOT = iphoneos;
				SWIFT_ACTIVE_COMPILATION_CONDITIONS = DEBUG;
				SWIFT_OPTIMIZATION_LEVEL = "-Onone";
			};
			name = Debug;
		};
		63E2F4382873551500282E60 /* Release */ = {
			isa = XCBuildConfiguration;
			buildSettings = {
				ALWAYS_SEARCH_USER_PATHS = NO;
				CLANG_ANALYZER_NONNULL = YES;
				CLANG_ANALYZER_NUMBER_OBJECT_CONVERSION = YES_AGGRESSIVE;
				CLANG_CXX_LANGUAGE_STANDARD = "gnu++17";
				CLANG_CXX_LIBRARY = "libc++";
				CLANG_ENABLE_MODULES = YES;
				CLANG_ENABLE_OBJC_ARC = YES;
				CLANG_ENABLE_OBJC_WEAK = YES;
				CLANG_WARN_BLOCK_CAPTURE_AUTORELEASING = YES;
				CLANG_WARN_BOOL_CONVERSION = YES;
				CLANG_WARN_COMMA = YES;
				CLANG_WARN_CONSTANT_CONVERSION = YES;
				CLANG_WARN_DEPRECATED_OBJC_IMPLEMENTATIONS = YES;
				CLANG_WARN_DIRECT_OBJC_ISA_USAGE = YES_ERROR;
				CLANG_WARN_DOCUMENTATION_COMMENTS = YES;
				CLANG_WARN_EMPTY_BODY = YES;
				CLANG_WARN_ENUM_CONVERSION = YES;
				CLANG_WARN_INFINITE_RECURSION = YES;
				CLANG_WARN_INT_CONVERSION = YES;
				CLANG_WARN_NON_LITERAL_NULL_CONVERSION = YES;
				CLANG_WARN_OBJC_IMPLICIT_RETAIN_SELF = YES;
				CLANG_WARN_OBJC_LITERAL_CONVERSION = YES;
				CLANG_WARN_OBJC_ROOT_CLASS = YES_ERROR;
				CLANG_WARN_QUOTED_INCLUDE_IN_FRAMEWORK_HEADER = YES;
				CLANG_WARN_RANGE_LOOP_ANALYSIS = YES;
				CLANG_WARN_STRICT_PROTOTYPES = YES;
				CLANG_WARN_SUSPICIOUS_MOVE = YES;
				CLANG_WARN_UNGUARDED_AVAILABILITY = YES_AGGRESSIVE;
				CLANG_WARN_UNREACHABLE_CODE = YES;
				CLANG_WARN__DUPLICATE_METHOD_MATCH = YES;
				COPY_PHASE_STRIP = NO;
				DEBUG_INFORMATION_FORMAT = "dwarf-with-dsym";
				ENABLE_NS_ASSERTIONS = NO;
				ENABLE_STRICT_OBJC_MSGSEND = YES;
				GCC_C_LANGUAGE_STANDARD = gnu11;
				GCC_NO_COMMON_BLOCKS = YES;
				GCC_WARN_64_TO_32_BIT_CONVERSION = YES;
				GCC_WARN_ABOUT_RETURN_TYPE = YES_ERROR;
				GCC_WARN_UNDECLARED_SELECTOR = YES;
				GCC_WARN_UNINITIALIZED_AUTOS = YES_AGGRESSIVE;
				GCC_WARN_UNUSED_FUNCTION = YES;
				GCC_WARN_UNUSED_VARIABLE = YES;
				IPHONEOS_DEPLOYMENT_TARGET = 15.2;
				MTL_ENABLE_DEBUG_INFO = NO;
				MTL_FAST_MATH = YES;
				SDKROOT = iphoneos;
				SWIFT_COMPILATION_MODE = wholemodule;
				SWIFT_OPTIMIZATION_LEVEL = "-O";
				VALIDATE_PRODUCT = YES;
			};
			name = Release;
		};
		63E2F43A2873551500282E60 /* Debug */ = {
			isa = XCBuildConfiguration;
			baseConfigurationReference = 4F50CE0EF55A00FB5D177D32 /* Pods-AuthApp-MVVM.debug.xcconfig */;
			buildSettings = {
				ASSETCATALOG_COMPILER_APPICON_NAME = AppIcon;
				ASSETCATALOG_COMPILER_GLOBAL_ACCENT_COLOR_NAME = AccentColor;
				CODE_SIGN_STYLE = Automatic;
				CURRENT_PROJECT_VERSION = 1;
				DEVELOPMENT_TEAM = YW89A2JD7V;
				GENERATE_INFOPLIST_FILE = YES;
				INFOPLIST_FILE = "AuthApp-MVVM/AuthProject/Configurations/Info.plist";
				INFOPLIST_KEY_UIApplicationSupportsIndirectInputEvents = YES;
				INFOPLIST_KEY_UILaunchStoryboardName = LaunchScreen;
				INFOPLIST_KEY_UISupportedInterfaceOrientations_iPad = "UIInterfaceOrientationPortrait UIInterfaceOrientationPortraitUpsideDown UIInterfaceOrientationLandscapeLeft UIInterfaceOrientationLandscapeRight";
				INFOPLIST_KEY_UISupportedInterfaceOrientations_iPhone = "UIInterfaceOrientationPortrait UIInterfaceOrientationLandscapeLeft UIInterfaceOrientationLandscapeRight";
				LD_RUNPATH_SEARCH_PATHS = (
					"$(inherited)",
					"@executable_path/Frameworks",
				);
				MARKETING_VERSION = 1.0;
				PRODUCT_BUNDLE_IDENTIFIER = "com.ugurhmz.AuthApp-MVVM";
				PRODUCT_NAME = "$(TARGET_NAME)";
				SWIFT_EMIT_LOC_STRINGS = YES;
				SWIFT_VERSION = 5.0;
				TARGETED_DEVICE_FAMILY = "1,2";
			};
			name = Debug;
		};
		63E2F43B2873551500282E60 /* Release */ = {
			isa = XCBuildConfiguration;
			baseConfigurationReference = 5049CE98E6F982D5C9B0A618 /* Pods-AuthApp-MVVM.release.xcconfig */;
			buildSettings = {
				ASSETCATALOG_COMPILER_APPICON_NAME = AppIcon;
				ASSETCATALOG_COMPILER_GLOBAL_ACCENT_COLOR_NAME = AccentColor;
				CODE_SIGN_STYLE = Automatic;
				CURRENT_PROJECT_VERSION = 1;
				DEVELOPMENT_TEAM = YW89A2JD7V;
				GENERATE_INFOPLIST_FILE = YES;
				INFOPLIST_FILE = "AuthApp-MVVM/AuthProject/Configurations/Info.plist";
				INFOPLIST_KEY_UIApplicationSupportsIndirectInputEvents = YES;
				INFOPLIST_KEY_UILaunchStoryboardName = LaunchScreen;
				INFOPLIST_KEY_UISupportedInterfaceOrientations_iPad = "UIInterfaceOrientationPortrait UIInterfaceOrientationPortraitUpsideDown UIInterfaceOrientationLandscapeLeft UIInterfaceOrientationLandscapeRight";
				INFOPLIST_KEY_UISupportedInterfaceOrientations_iPhone = "UIInterfaceOrientationPortrait UIInterfaceOrientationLandscapeLeft UIInterfaceOrientationLandscapeRight";
				LD_RUNPATH_SEARCH_PATHS = (
					"$(inherited)",
					"@executable_path/Frameworks",
				);
				MARKETING_VERSION = 1.0;
				PRODUCT_BUNDLE_IDENTIFIER = "com.ugurhmz.AuthApp-MVVM";
				PRODUCT_NAME = "$(TARGET_NAME)";
				SWIFT_EMIT_LOC_STRINGS = YES;
				SWIFT_VERSION = 5.0;
				TARGETED_DEVICE_FAMILY = "1,2";
			};
			name = Release;
		};
/* End XCBuildConfiguration section */

/* Begin XCConfigurationList section */
		63E2F4202873551400282E60 /* Build configuration list for PBXProject "AuthApp-MVVM" */ = {
			isa = XCConfigurationList;
			buildConfigurations = (
				63E2F4372873551500282E60 /* Debug */,
				63E2F4382873551500282E60 /* Release */,
			);
			defaultConfigurationIsVisible = 0;
			defaultConfigurationName = Release;
		};
		63E2F4392873551500282E60 /* Build configuration list for PBXNativeTarget "AuthApp-MVVM" */ = {
			isa = XCConfigurationList;
			buildConfigurations = (
				63E2F43A2873551500282E60 /* Debug */,
				63E2F43B2873551500282E60 /* Release */,
			);
			defaultConfigurationIsVisible = 0;
			defaultConfigurationName = Release;
		};
/* End XCConfigurationList section */
	};
	rootObject = 63E2F41D2873551400282E60 /* Project object */;
}
